
Microsoft Visual Studio Solution File, Format Version 12.00
# Visual Studio 15
VisualStudioVersion = 15.0.28010.2046
MinimumVisualStudioVersion = 10.0.40219.1
Project("{FAE04EC0-301F-11D3-BF4B-00C04F79EFBC}") = "Readit", "Readit\Readit.csproj", "{747177C7-5EC6-40BE-B277-3CDB6638503B}"
EndProject
Global
	GlobalSection(SolutionConfigurationPlatforms) = preSolution
		Debug|Any CPU = Debug|Any CPU
		Release|Any CPU = Release|Any CPU
	EndGlobalSection
	GlobalSection(ProjectConfigurationPlatforms) = postSolution
		{747177C7-5EC6-40BE-B277-3CDB6638503B}.Debug|Any CPU.ActiveCfg = Debug|Any CPU
		{747177C7-5EC6-40BE-B277-3CDB6638503B}.Debug|Any CPU.Build.0 = Debug|Any CPU
		{747177C7-5EC6-40BE-B277-3CDB6638503B}.Release|Any CPU.ActiveCfg = Release|Any CPU
		{747177C7-5EC6-40BE-B277-3CDB6638503B}.Release|Any CPU.Build.0 = Release|Any CPU
	EndGlobalSection
	GlobalSection(SolutionProperties) = preSolution
		HideSolutionNode = FALSE
	EndGlobalSection
	GlobalSection(ExtensibilityGlobals) = postSolution
		SolutionGuid = {5E0EDEE8-D32B-4D10-85C5-C80C3A38D436}
	EndGlobalSection
EndGlobal
